
Microsoft Visual Studio Solution File, Format Version 12.00
# Visual Studio 15
VisualStudioVersion = 15.0.27703.2035
MinimumVisualStudioVersion = 10.0.40219.1
Project("{FAE04EC0-301F-11D3-BF4B-00C04F79EFBC}") = "RestautantOrder", "RestautantOrder\RestautantOrder.csproj", "{388E0E0C-9374-489B-95C9-19F2891CCA2D}"
EndProject
Global
	GlobalSection(SolutionConfigurationPlatforms) = preSolution
		Debug|Any CPU = Debug|Any CPU
		Release|Any CPU = Release|Any CPU
	EndGlobalSection
	GlobalSection(ProjectConfigurationPlatforms) = postSolution
		{388E0E0C-9374-489B-95C9-19F2891CCA2D}.Debug|Any CPU.ActiveCfg = Debug|Any CPU
		{388E0E0C-9374-489B-95C9-19F2891CCA2D}.Debug|Any CPU.Build.0 = Debug|Any CPU
		{388E0E0C-9374-489B-95C9-19F2891CCA2D}.Release|Any CPU.ActiveCfg = Release|Any CPU
		{388E0E0C-9374-489B-95C9-19F2891CCA2D}.Release|Any CPU.Build.0 = Release|Any CPU
	EndGlobalSection
	GlobalSection(SolutionProperties) = preSolution
		HideSolutionNode = FALSE
	EndGlobalSection
	GlobalSection(ExtensibilityGlobals) = postSolution
		SolutionGuid = {337CCC65-89F0-4E2F-8A7E-04853930A9C4}
	EndGlobalSection
EndGlobal
